
Microsoft Visual Studio Solution File, Format Version 12.00
# Visual Studio Version 17
VisualStudioVersion = 17.5.002.0
MinimumVisualStudioVersion = 10.0.40219.1
Project("{9A19103F-16F7-4668-BE54-9A1E7A4F7556}") = "AddressBookApp", "AddressBookApp.csproj", "{87761F9B-306B-4A17-8F87-BA24A2C0438C}"
EndProject
Global
	GlobalSection(SolutionConfigurationPlatforms) = preSolution
		Debug|Any CPU = Debug|Any CPU
		Release|Any CPU = Release|Any CPU
	EndGlobalSection
	GlobalSection(ProjectConfigurationPlatforms) = postSolution
		{87761F9B-306B-4A17-8F87-BA24A2C0438C}.Debug|Any CPU.ActiveCfg = Debug|Any CPU
		{87761F9B-306B-4A17-8F87-BA24A2C0438C}.Debug|Any CPU.Build.0 = Debug|Any CPU
		{87761F9B-306B-4A17-8F87-BA24A2C0438C}.Release|Any CPU.ActiveCfg = Release|Any CPU
		{87761F9B-306B-4A17-8F87-BA24A2C0438C}.Release|Any CPU.Build.0 = Release|Any CPU
	EndGlobalSection
	GlobalSection(SolutionProperties) = preSolution
		HideSolutionNode = FALSE
	EndGlobalSection
	GlobalSection(ExtensibilityGlobals) = postSolution
		SolutionGuid = {A262E184-9733-4411-8CB8-E08E422C1479}
	EndGlobalSection
EndGlobal
